
Microsoft Visual Studio Solution File, Format Version 12.00
# Visual Studio 14
VisualStudioVersion = 14.0.23107.0
MinimumVisualStudioVersion = 10.0.40219.1
Project("{2150E333-8FDC-42A3-9474-1A3956D46DE8}") = "src", "src", "{365DCF6D-CDCA-48DF-A959-8F24BC737B2E}"
EndProject
Project("{2150E333-8FDC-42A3-9474-1A3956D46DE8}") = "Solution Items", "Solution Items", "{AA6617E5-C2C8-4A06-A4AD-62583F04F455}"
	ProjectSection(SolutionItems) = preProject
		global.json = global.json
		NuGet.Config = NuGet.Config
	EndProjectSection
EndProject
Project("{8BB2217D-0F2D-49D1-97BC-3654ED321F3B}") = "BookPortal.Web", "src\BookPortal.Web\BookPortal.Web.xproj", "{9F9F7E93-7B54-4C81-B826-0C0EFAAD9AB7}"
EndProject
Project("{2150E333-8FDC-42A3-9474-1A3956D46DE8}") = "test", "test", "{D1B21080-2F37-4597-B2D5-1B6EEA071776}"
EndProject
Project("{8BB2217D-0F2D-49D1-97BC-3654ED321F3B}") = "BookPortal.Web.Tests", "test\BookPortal.Web.Tests\BookPortal.Web.Tests.xproj", "{4B8E527B-CDF1-425E-AC64-555EE76BE091}"
EndProject
Project("{8BB2217D-0F2D-49D1-97BC-3654ED321F3B}") = "BookPortal.Client", "src\BookPortal.Client\BookPortal.Client.xproj", "{A14779E6-E201-4280-A026-068B948BA39B}"
EndProject
Project("{8BB2217D-0F2D-49D1-97BC-3654ED321F3B}") = "BookPortal.Core.Configuration", "src\BookPortal.Core.Configuration\BookPortal.Core.Configuration.xproj", "{BA03C6CC-F41E-4212-AC38-C1F6A8670767}"
EndProject
Project("{8BB2217D-0F2D-49D1-97BC-3654ED321F3B}") = "BookPortal.Core.Framework", "src\BookPortal.Core.Framework\BookPortal.Core.Framework.xproj", "{B143E258-4AD4-473A-943B-408161664FC2}"
EndProject
Project("{8BB2217D-0F2D-49D1-97BC-3654ED321F3B}") = "BookPortal.CloudConfig", "src\BookPortal.CloudConfig\BookPortal.CloudConfig.xproj", "{A420C4BD-9E28-4DF3-8EF1-C8E772D936C0}"
EndProject
Project("{8BB2217D-0F2D-49D1-97BC-3654ED321F3B}") = "BookPortal.CloudConfig.Test", "test\BookPortal.CloudConfig.Tests\BookPortal.CloudConfig.Test.xproj", "{AFF01640-62E7-43DF-9031-D270CE5EDCA6}"
EndProject
Project("{8BB2217D-0F2D-49D1-97BC-3654ED321F3B}") = "BookPortal.Core.Framework.Test", "test\BookPortal.Core.Framework.Test\BookPortal.Core.Framework.Test.xproj", "{1354CA1B-D4B5-4BF2-9847-B22A1C3772DF}"
EndProject
Project("{8BB2217D-0F2D-49D1-97BC-3654ED321F3B}") = "BookPortal.Core.Logging", "src\BookPortal.Core.Logging\BookPortal.Core.Logging.xproj", "{47B9A72D-8EC3-461F-AFCA-89865B404A94}"
EndProject
Project("{2150E333-8FDC-42A3-9474-1A3956D46DE8}") = "Database", "Database", "{C6F23CF6-8FA0-42C2-B539-FA65A213161B}"
EndProject
Project("{00D1A9C2-B5F0-4AF3-8072-F6C62B433612}") = "BookPortalMain", "src\Database\BookPortalMain\BookPortalMain.sqlproj", "{51BDE4AB-544F-47EC-8B63-4DADE20C6274}"
EndProject
Project("{8BB2217D-0F2D-49D1-97BC-3654ED321F3B}") = "BookPortal.Web.FunctionalTests", "test\BookPortal.Web.FunctionalTests\BookPortal.Web.FunctionalTests.xproj", "{348BEC06-342F-4145-93DC-DE84B4B96D83}"
EndProject
Global
	GlobalSection(SolutionConfigurationPlatforms) = preSolution
		Debug|Any CPU = Debug|Any CPU
		Release|Any CPU = Release|Any CPU
	EndGlobalSection
	GlobalSection(ProjectConfigurationPlatforms) = postSolution
		{9F9F7E93-7B54-4C81-B826-0C0EFAAD9AB7}.Debug|Any CPU.ActiveCfg = Debug|Any CPU
		{9F9F7E93-7B54-4C81-B826-0C0EFAAD9AB7}.Debug|Any CPU.Build.0 = Debug|Any CPU
		{9F9F7E93-7B54-4C81-B826-0C0EFAAD9AB7}.Release|Any CPU.ActiveCfg = Release|Any CPU
		{9F9F7E93-7B54-4C81-B826-0C0EFAAD9AB7}.Release|Any CPU.Build.0 = Release|Any CPU
		{4B8E527B-CDF1-425E-AC64-555EE76BE091}.Debug|Any CPU.ActiveCfg = Debug|Any CPU
		{4B8E527B-CDF1-425E-AC64-555EE76BE091}.Debug|Any CPU.Build.0 = Debug|Any CPU
		{4B8E527B-CDF1-425E-AC64-555EE76BE091}.Release|Any CPU.ActiveCfg = Release|Any CPU
		{4B8E527B-CDF1-425E-AC64-555EE76BE091}.Release|Any CPU.Build.0 = Release|Any CPU
		{A14779E6-E201-4280-A026-068B948BA39B}.Debug|Any CPU.ActiveCfg = Debug|Any CPU
		{A14779E6-E201-4280-A026-068B948BA39B}.Debug|Any CPU.Build.0 = Debug|Any CPU
		{A14779E6-E201-4280-A026-068B948BA39B}.Release|Any CPU.ActiveCfg = Release|Any CPU
		{A14779E6-E201-4280-A026-068B948BA39B}.Release|Any CPU.Build.0 = Release|Any CPU
		{BA03C6CC-F41E-4212-AC38-C1F6A8670767}.Debug|Any CPU.ActiveCfg = Debug|Any CPU
		{BA03C6CC-F41E-4212-AC38-C1F6A8670767}.Debug|Any CPU.Build.0 = Debug|Any CPU
		{BA03C6CC-F41E-4212-AC38-C1F6A8670767}.Release|Any CPU.ActiveCfg = Release|Any CPU
		{BA03C6CC-F41E-4212-AC38-C1F6A8670767}.Release|Any CPU.Build.0 = Release|Any CPU
		{B143E258-4AD4-473A-943B-408161664FC2}.Debug|Any CPU.ActiveCfg = Debug|Any CPU
		{B143E258-4AD4-473A-943B-408161664FC2}.Debug|Any CPU.Build.0 = Debug|Any CPU
		{B143E258-4AD4-473A-943B-408161664FC2}.Release|Any CPU.ActiveCfg = Release|Any CPU
		{B143E258-4AD4-473A-943B-408161664FC2}.Release|Any CPU.Build.0 = Release|Any CPU
		{A420C4BD-9E28-4DF3-8EF1-C8E772D936C0}.Debug|Any CPU.ActiveCfg = Debug|Any CPU
		{A420C4BD-9E28-4DF3-8EF1-C8E772D936C0}.Debug|Any CPU.Build.0 = Debug|Any CPU
		{A420C4BD-9E28-4DF3-8EF1-C8E772D936C0}.Release|Any CPU.ActiveCfg = Release|Any CPU
		{A420C4BD-9E28-4DF3-8EF1-C8E772D936C0}.Release|Any CPU.Build.0 = Release|Any CPU
		{AFF01640-62E7-43DF-9031-D270CE5EDCA6}.Debug|Any CPU.ActiveCfg = Debug|Any CPU
		{AFF01640-62E7-43DF-9031-D270CE5EDCA6}.Debug|Any CPU.Build.0 = Debug|Any CPU
		{AFF01640-62E7-43DF-9031-D270CE5EDCA6}.Release|Any CPU.ActiveCfg = Release|Any CPU
		{AFF01640-62E7-43DF-9031-D270CE5EDCA6}.Release|Any CPU.Build.0 = Release|Any CPU
		{1354CA1B-D4B5-4BF2-9847-B22A1C3772DF}.Debug|Any CPU.ActiveCfg = Debug|Any CPU
		{1354CA1B-D4B5-4BF2-9847-B22A1C3772DF}.Debug|Any CPU.Build.0 = Debug|Any CPU
		{1354CA1B-D4B5-4BF2-9847-B22A1C3772DF}.Release|Any CPU.ActiveCfg = Release|Any CPU
		{1354CA1B-D4B5-4BF2-9847-B22A1C3772DF}.Release|Any CPU.Build.0 = Release|Any CPU
		{47B9A72D-8EC3-461F-AFCA-89865B404A94}.Debug|Any CPU.ActiveCfg = Debug|Any CPU
		{47B9A72D-8EC3-461F-AFCA-89865B404A94}.Debug|Any CPU.Build.0 = Debug|Any CPU
		{47B9A72D-8EC3-461F-AFCA-89865B404A94}.Release|Any CPU.ActiveCfg = Release|Any CPU
		{47B9A72D-8EC3-461F-AFCA-89865B404A94}.Release|Any CPU.Build.0 = Release|Any CPU
		{51BDE4AB-544F-47EC-8B63-4DADE20C6274}.Debug|Any CPU.ActiveCfg = Debug|Any CPU
		{51BDE4AB-544F-47EC-8B63-4DADE20C6274}.Debug|Any CPU.Build.0 = Debug|Any CPU
		{51BDE4AB-544F-47EC-8B63-4DADE20C6274}.Debug|Any CPU.Deploy.0 = Debug|Any CPU
		{51BDE4AB-544F-47EC-8B63-4DADE20C6274}.Release|Any CPU.ActiveCfg = Release|Any CPU
		{51BDE4AB-544F-47EC-8B63-4DADE20C6274}.Release|Any CPU.Build.0 = Release|Any CPU
		{51BDE4AB-544F-47EC-8B63-4DADE20C6274}.Release|Any CPU.Deploy.0 = Release|Any CPU
		{348BEC06-342F-4145-93DC-DE84B4B96D83}.Debug|Any CPU.ActiveCfg = Debug|Any CPU
		{348BEC06-342F-4145-93DC-DE84B4B96D83}.Debug|Any CPU.Build.0 = Debug|Any CPU
		{348BEC06-342F-4145-93DC-DE84B4B96D83}.Release|Any CPU.ActiveCfg = Release|Any CPU
		{348BEC06-342F-4145-93DC-DE84B4B96D83}.Release|Any CPU.Build.0 = Release|Any CPU
	EndGlobalSection
	GlobalSection(SolutionProperties) = preSolution
		HideSolutionNode = FALSE
	EndGlobalSection
	GlobalSection(NestedProjects) = preSolution
		{9F9F7E93-7B54-4C81-B826-0C0EFAAD9AB7} = {365DCF6D-CDCA-48DF-A959-8F24BC737B2E}
		{4B8E527B-CDF1-425E-AC64-555EE76BE091} = {D1B21080-2F37-4597-B2D5-1B6EEA071776}
		{A14779E6-E201-4280-A026-068B948BA39B} = {365DCF6D-CDCA-48DF-A959-8F24BC737B2E}
		{BA03C6CC-F41E-4212-AC38-C1F6A8670767} = {365DCF6D-CDCA-48DF-A959-8F24BC737B2E}
		{B143E258-4AD4-473A-943B-408161664FC2} = {365DCF6D-CDCA-48DF-A959-8F24BC737B2E}
		{A420C4BD-9E28-4DF3-8EF1-C8E772D936C0} = {365DCF6D-CDCA-48DF-A959-8F24BC737B2E}
		{AFF01640-62E7-43DF-9031-D270CE5EDCA6} = {D1B21080-2F37-4597-B2D5-1B6EEA071776}
		{1354CA1B-D4B5-4BF2-9847-B22A1C3772DF} = {D1B21080-2F37-4597-B2D5-1B6EEA071776}
		{47B9A72D-8EC3-461F-AFCA-89865B404A94} = {365DCF6D-CDCA-48DF-A959-8F24BC737B2E}
		{C6F23CF6-8FA0-42C2-B539-FA65A213161B} = {365DCF6D-CDCA-48DF-A959-8F24BC737B2E}
		{51BDE4AB-544F-47EC-8B63-4DADE20C6274} = {C6F23CF6-8FA0-42C2-B539-FA65A213161B}
		{348BEC06-342F-4145-93DC-DE84B4B96D83} = {D1B21080-2F37-4597-B2D5-1B6EEA071776}
	EndGlobalSection
EndGlobal
